{
    "name": "kong-conf-to-json",
    "version": "1.0.0",
    "lockfileVersion": 3,
    "requires": true,
    "packages": {
        "": {
            "name": "kong-conf-to-json",
            "version": "1.0.0",
            "license": "MIT",
            "dependencies": {
                "minimist": "^1.2.8",
                "tinyglobby": "^0.2.12"
            }
        },
        "node_modules/minimist": {
            "version": "1.2.8",
            "resolved": "https://registry.npmjs.org/minimist/-/minimist-1.2.8.tgz",
            "integrity": "sha512-2yyAR8qBkN3YuheJanUpWC5U3bb5osDywNB8RzDVlDwDHbocAJveqqj1u8+SVD7jkWT4yvsHCpWqqWqAxb0zCA==",
            "license": "MIT",
            "funding": {
                "url": "https://github.com/sponsors/ljharb"
            }
        },
        "node_modules/tinyglobby": {
            "version": "0.2.15",
            "resolved": "https://registry.npmjs.org/tinyglobby/-/tinyglobby-0.2.15.tgz",
            "integrity": "sha512-j2Zq4NyQYG5XMST4cbs02Ak8iJUdxRM0XI5QyxXuZOzKOINmWurp3smXu3y5wDcJrptwpSjgXHzIQxR0omXljQ==",
            "license": "MIT",
            "dependencies": {
                "fdir": "^6.5.0",
                "picomatch": "^4.0.3"
            },
            "engines": {
                "node": ">=12.0.0"
            },
            "funding": {
                "url": "https://github.com/sponsors/SuperchupuDev"
            }
        },
        "node_modules/tinyglobby/node_modules/fdir": {
            "version": "6.5.0",
            "resolved": "https://registry.npmjs.org/fdir/-/fdir-6.5.0.tgz",
            "integrity": "sha512-tIbYtZbucOs0BRGqPJkshJUYdL+SDH7dVM8gjy+ERp3WAUjLEFJE+02kanyHtwjWOnwrKYBiwAmM0p4kLJAnXg==",
            "license": "MIT",
            "engines": {
                "node": ">=12.0.0"
            },
            "peerDependencies": {
                "picomatch": "^3 || ^4"
            },
            "peerDependenciesMeta": {
                "picomatch": {
                    "optional": true
                }
            }
        },
        "node_modules/tinyglobby/node_modules/picomatch": {
            "version": "4.0.4",
            "resolved": "https://registry.npmjs.org/picomatch/-/picomatch-4.0.4.tgz",
            "integrity": "sha512-QP88BAKvMam/3NxH6vj2o21R6MjxZUAd6nlwAS/pnGvN9IVLocLHxGYIzFhg6fUQ+5th6P4dv4eW9jX3DSIj7A==",
            "license": "MIT",
            "engines": {
                "node": ">=12"
            },
            "funding": {
                "url": "https://github.com/sponsors/jonschlinkert"
            }
        }
    }
}
